
Microsoft Visual Studio Solution File, Format Version 12.00
# Visual Studio 15
VisualStudioVersion = 15.0.28307.106
MinimumVisualStudioVersion = 10.0.40219.1
Project("{9A19103F-16F7-4668-BE54-9A1E7A4F7556}") = "ConsoleApp", "ConsoleApp\ConsoleApp.csproj", "{2F5C8245-AAAD-4B7E-81DC-C04B967935AF}"
EndProject
Project("{FAE04EC0-301F-11D3-BF4B-00C04F79EFBC}") = "DeviceLibrary", "DeviceLibrary\DeviceLibrary.csproj", "{D1466C22-28BD-432C-BBAE-E4557A421CA4}"
EndProject
Global
	GlobalSection(SolutionConfigurationPlatforms) = preSolution
		Debug|Any CPU = Debug|Any CPU
		Release|Any CPU = Release|Any CPU
	EndGlobalSection
	GlobalSection(ProjectConfigurationPlatforms) = postSolution
		{2F5C8245-AAAD-4B7E-81DC-C04B967935AF}.Debug|Any CPU.ActiveCfg = Debug|Any CPU
		{2F5C8245-AAAD-4B7E-81DC-C04B967935AF}.Debug|Any CPU.Build.0 = Debug|Any CPU
		{2F5C8245-AAAD-4B7E-81DC-C04B967935AF}.Release|Any CPU.ActiveCfg = Release|Any CPU
		{2F5C8245-AAAD-4B7E-81DC-C04B967935AF}.Release|Any CPU.Build.0 = Release|Any CPU
		{D1466C22-28BD-432C-BBAE-E4557A421CA4}.Debug|Any CPU.ActiveCfg = Debug|Any CPU
		{D1466C22-28BD-432C-BBAE-E4557A421CA4}.Debug|Any CPU.Build.0 = Debug|Any CPU
		{D1466C22-28BD-432C-BBAE-E4557A421CA4}.Release|Any CPU.ActiveCfg = Release|Any CPU
		{D1466C22-28BD-432C-BBAE-E4557A421CA4}.Release|Any CPU.Build.0 = Release|Any CPU
	EndGlobalSection
	GlobalSection(SolutionProperties) = preSolution
		HideSolutionNode = FALSE
	EndGlobalSection
	GlobalSection(ExtensibilityGlobals) = postSolution
		SolutionGuid = {E8A03593-0190-4C69-84AF-D5ACE8C9E680}
	EndGlobalSection
EndGlobal
